
Microsoft Visual Studio Solution File, Format Version 12.00
# Visual Studio Version 17
VisualStudioVersion = 17.5.33627.172
MinimumVisualStudioVersion = 10.0.40219.1
Project("{FAE04EC0-301F-11D3-BF4B-00C04F79EFBC}") = "WebApplication1", "WebApplication1\WebApplication1.csproj", "{B5466595-61AB-49A4-B425-3A44146138D9}"
EndProject
Global
	GlobalSection(SolutionConfigurationPlatforms) = preSolution
		Debug|Any CPU = Debug|Any CPU
		Release|Any CPU = Release|Any CPU
	EndGlobalSection
	GlobalSection(ProjectConfigurationPlatforms) = postSolution
		{B5466595-61AB-49A4-B425-3A44146138D9}.Debug|Any CPU.ActiveCfg = Debug|Any CPU
		{B5466595-61AB-49A4-B425-3A44146138D9}.Debug|Any CPU.Build.0 = Debug|Any CPU
		{B5466595-61AB-49A4-B425-3A44146138D9}.Release|Any CPU.ActiveCfg = Release|Any CPU
		{B5466595-61AB-49A4-B425-3A44146138D9}.Release|Any CPU.Build.0 = Release|Any CPU
	EndGlobalSection
	GlobalSection(SolutionProperties) = preSolution
		HideSolutionNode = FALSE
	EndGlobalSection
	GlobalSection(ExtensibilityGlobals) = postSolution
		SolutionGuid = {7FB6BC90-9EDA-443B-9661-817806B4692C}
	EndGlobalSection
EndGlobal
